{
  "name": "shaadi-dot-com",
  "version": "1.0.0",
  "lockfileVersion": 1,
  "requires": true,
  "dependencies": {
    "email-validator": {
      "version": "1.1.1",
      "resolved": "https://registry.npmjs.org/email-validator/-/email-validator-1.1.1.tgz",
      "integrity": "sha512-vkcJJZEb7JXDY883Nx1Lkmb6noM3j1SfSt8L9tVFhZPnPQiFq+Nkd5evc77+tRVS4ChTUSr34voThsglI/ja/A=="
    }
  }
}
